
Microsoft Visual Studio Solution File, Format Version 12.00
# Visual Studio 15
VisualStudioVersion = 15.0.28307.1684
MinimumVisualStudioVersion = 10.0.40219.1
Project("{8BC9CEB8-8B4A-11D0-8D11-00A0C91BC942}") = "EXO1", "EXO1\EXO1.vcxproj", "{EAFB7CA1-5C58-474A-ACB8-613BA7498378}"
EndProject
Global
	GlobalSection(SolutionConfigurationPlatforms) = preSolution
		Debug|x64 = Debug|x64
		Debug|x86 = Debug|x86
		Release|x64 = Release|x64
		Release|x86 = Release|x86
	EndGlobalSection
	GlobalSection(ProjectConfigurationPlatforms) = postSolution
		{EAFB7CA1-5C58-474A-ACB8-613BA7498378}.Debug|x64.ActiveCfg = Debug|x64
		{EAFB7CA1-5C58-474A-ACB8-613BA7498378}.Debug|x64.Build.0 = Debug|x64
		{EAFB7CA1-5C58-474A-ACB8-613BA7498378}.Debug|x86.ActiveCfg = Debug|Win32
		{EAFB7CA1-5C58-474A-ACB8-613BA7498378}.Debug|x86.Build.0 = Debug|Win32
		{EAFB7CA1-5C58-474A-ACB8-613BA7498378}.Release|x64.ActiveCfg = Release|x64
		{EAFB7CA1-5C58-474A-ACB8-613BA7498378}.Release|x64.Build.0 = Release|x64
		{EAFB7CA1-5C58-474A-ACB8-613BA7498378}.Release|x86.ActiveCfg = Release|Win32
		{EAFB7CA1-5C58-474A-ACB8-613BA7498378}.Release|x86.Build.0 = Release|Win32
	EndGlobalSection
	GlobalSection(SolutionProperties) = preSolution
		HideSolutionNode = FALSE
	EndGlobalSection
	GlobalSection(ExtensibilityGlobals) = postSolution
		SolutionGuid = {4485A4C1-4D2A-4C06-944B-F0B39120E01E}
	EndGlobalSection
EndGlobal
